
Microsoft Visual Studio Solution File, Format Version 12.00
# Visual Studio 15
VisualStudioVersion = 15.0.28307.271
MinimumVisualStudioVersion = 10.0.40219.1
Project("{9A19103F-16F7-4668-BE54-9A1E7A4F7556}") = "ListaECOExercicio2", "ListaECO\ListaECOExercicio2.csproj", "{345FC84F-D1B9-4729-AC79-898B8EEE5AD7}"
EndProject
Project("{2150E333-8FDC-42A3-9474-1A3956D46DE8}") = "EOC", "EOC", "{5648B95D-6E51-4303-89FA-BCE09BEE84CD}"
EndProject
Project("{2150E333-8FDC-42A3-9474-1A3956D46DE8}") = "EHJ", "EHJ", "{E32EE9BC-9E10-4A05-BBC4-604DD843EDBC}"
EndProject
Project("{2150E333-8FDC-42A3-9474-1A3956D46DE8}") = "EPI", "EPI", "{42A1A276-6FDD-485C-9114-0A2E99103D49}"
EndProject
Project("{9A19103F-16F7-4668-BE54-9A1E7A4F7556}") = "ListaEHJ", "ListaEHJ\ListaEHJ.csproj", "{613F84AE-287B-4C44-9EF2-608C37A4BFB9}"
EndProject
Project("{2150E333-8FDC-42A3-9474-1A3956D46DE8}") = "Test", "Test", "{6CC44EB6-C981-4CF8-8F22-E89223C306F5}"
EndProject
Project("{9A19103F-16F7-4668-BE54-9A1E7A4F7556}") = "TestEHJ", "TestEHJ\TestEHJ.csproj", "{E98E1812-5594-4B83-B4FA-705ABC9FA9E7}"
EndProject
Project("{9A19103F-16F7-4668-BE54-9A1E7A4F7556}") = "TestEOC", "TestEOC\TestEOC.csproj", "{16E966ED-5BBD-4B2A-9AAC-4FD7BE45D44D}"
EndProject
Project("{9A19103F-16F7-4668-BE54-9A1E7A4F7556}") = "ListaEPIExercicio1", "ListaEPI\ListaEPIExercicio1.csproj", "{FF2761B3-D8E3-4AE5-837E-6E9946117804}"
EndProject
Project("{9A19103F-16F7-4668-BE54-9A1E7A4F7556}") = "TestEPI", "TestEPI\TestEPI.csproj", "{803A91AF-C392-4C76-80FA-3738A023F3E3}"
EndProject
Project("{2150E333-8FDC-42A3-9474-1A3956D46DE8}") = "Exercicio1", "Exercicio1", "{C974E321-7F2E-413B-BA3A-4F28DC2E0E45}"
EndProject
Project("{2150E333-8FDC-42A3-9474-1A3956D46DE8}") = "Exercicio2", "Exercicio2", "{3FDA7211-07A5-4E8A-A310-A94AD5E7C652}"
EndProject
Project("{9A19103F-16F7-4668-BE54-9A1E7A4F7556}") = "ListaEPIExercicio2", "ListaEPIExercicio2\ListaEPIExercicio2.csproj", "{FBE74374-1BF0-4709-8032-578D9C2FB2FF}"
EndProject
Project("{2150E333-8FDC-42A3-9474-1A3956D46DE8}") = "Exercicio3", "Exercicio3", "{E6AB7E95-77E3-4B4D-BB91-6148C974EAF4}"
EndProject
Project("{9A19103F-16F7-4668-BE54-9A1E7A4F7556}") = "ListaEPIExercicio3", "ListaEPIExercicio3\ListaEPIExercicio3.csproj", "{68132060-E540-4B03-99C5-1D3B9B377371}"
EndProject
Project("{2150E333-8FDC-42A3-9474-1A3956D46DE8}") = "Exercicio2", "Exercicio2", "{5D91B973-990B-45EB-8677-357567DAB30E}"
EndProject
Project("{2150E333-8FDC-42A3-9474-1A3956D46DE8}") = "Exercicio3", "Exercicio3", "{FA2DE509-67EC-4918-A193-7C167A48A84A}"
EndProject
Project("{FAE04EC0-301F-11D3-BF4B-00C04F79EFBC}") = "ListaECOExercicio3", "ListaECOExercicio3\ListaECOExercicio3.csproj", "{5982D3B2-E552-43EE-A4C4-787BBCF8C58C}"
EndProject
Global
	GlobalSection(SolutionConfigurationPlatforms) = preSolution
		Debug|Any CPU = Debug|Any CPU
		Release|Any CPU = Release|Any CPU
	EndGlobalSection
	GlobalSection(ProjectConfigurationPlatforms) = postSolution
		{345FC84F-D1B9-4729-AC79-898B8EEE5AD7}.Debug|Any CPU.ActiveCfg = Debug|Any CPU
		{345FC84F-D1B9-4729-AC79-898B8EEE5AD7}.Debug|Any CPU.Build.0 = Debug|Any CPU
		{345FC84F-D1B9-4729-AC79-898B8EEE5AD7}.Release|Any CPU.ActiveCfg = Release|Any CPU
		{345FC84F-D1B9-4729-AC79-898B8EEE5AD7}.Release|Any CPU.Build.0 = Release|Any CPU
		{613F84AE-287B-4C44-9EF2-608C37A4BFB9}.Debug|Any CPU.ActiveCfg = Debug|Any CPU
		{613F84AE-287B-4C44-9EF2-608C37A4BFB9}.Debug|Any CPU.Build.0 = Debug|Any CPU
		{613F84AE-287B-4C44-9EF2-608C37A4BFB9}.Release|Any CPU.ActiveCfg = Release|Any CPU
		{613F84AE-287B-4C44-9EF2-608C37A4BFB9}.Release|Any CPU.Build.0 = Release|Any CPU
		{E98E1812-5594-4B83-B4FA-705ABC9FA9E7}.Debug|Any CPU.ActiveCfg = Debug|Any CPU
		{E98E1812-5594-4B83-B4FA-705ABC9FA9E7}.Debug|Any CPU.Build.0 = Debug|Any CPU
		{E98E1812-5594-4B83-B4FA-705ABC9FA9E7}.Release|Any CPU.ActiveCfg = Release|Any CPU
		{E98E1812-5594-4B83-B4FA-705ABC9FA9E7}.Release|Any CPU.Build.0 = Release|Any CPU
		{16E966ED-5BBD-4B2A-9AAC-4FD7BE45D44D}.Debug|Any CPU.ActiveCfg = Debug|Any CPU
		{16E966ED-5BBD-4B2A-9AAC-4FD7BE45D44D}.Debug|Any CPU.Build.0 = Debug|Any CPU
		{16E966ED-5BBD-4B2A-9AAC-4FD7BE45D44D}.Release|Any CPU.ActiveCfg = Release|Any CPU
		{16E966ED-5BBD-4B2A-9AAC-4FD7BE45D44D}.Release|Any CPU.Build.0 = Release|Any CPU
		{FF2761B3-D8E3-4AE5-837E-6E9946117804}.Debug|Any CPU.ActiveCfg = Debug|Any CPU
		{FF2761B3-D8E3-4AE5-837E-6E9946117804}.Debug|Any CPU.Build.0 = Debug|Any CPU
		{FF2761B3-D8E3-4AE5-837E-6E9946117804}.Release|Any CPU.ActiveCfg = Release|Any CPU
		{FF2761B3-D8E3-4AE5-837E-6E9946117804}.Release|Any CPU.Build.0 = Release|Any CPU
		{803A91AF-C392-4C76-80FA-3738A023F3E3}.Debug|Any CPU.ActiveCfg = Debug|Any CPU
		{803A91AF-C392-4C76-80FA-3738A023F3E3}.Debug|Any CPU.Build.0 = Debug|Any CPU
		{803A91AF-C392-4C76-80FA-3738A023F3E3}.Release|Any CPU.ActiveCfg = Release|Any CPU
		{803A91AF-C392-4C76-80FA-3738A023F3E3}.Release|Any CPU.Build.0 = Release|Any CPU
		{FBE74374-1BF0-4709-8032-578D9C2FB2FF}.Debug|Any CPU.ActiveCfg = Debug|Any CPU
		{FBE74374-1BF0-4709-8032-578D9C2FB2FF}.Debug|Any CPU.Build.0 = Debug|Any CPU
		{FBE74374-1BF0-4709-8032-578D9C2FB2FF}.Release|Any CPU.ActiveCfg = Release|Any CPU
		{FBE74374-1BF0-4709-8032-578D9C2FB2FF}.Release|Any CPU.Build.0 = Release|Any CPU
		{68132060-E540-4B03-99C5-1D3B9B377371}.Debug|Any CPU.ActiveCfg = Debug|Any CPU
		{68132060-E540-4B03-99C5-1D3B9B377371}.Debug|Any CPU.Build.0 = Debug|Any CPU
		{68132060-E540-4B03-99C5-1D3B9B377371}.Release|Any CPU.ActiveCfg = Release|Any CPU
		{68132060-E540-4B03-99C5-1D3B9B377371}.Release|Any CPU.Build.0 = Release|Any CPU
		{5982D3B2-E552-43EE-A4C4-787BBCF8C58C}.Debug|Any CPU.ActiveCfg = Debug|Any CPU
		{5982D3B2-E552-43EE-A4C4-787BBCF8C58C}.Debug|Any CPU.Build.0 = Debug|Any CPU
		{5982D3B2-E552-43EE-A4C4-787BBCF8C58C}.Release|Any CPU.ActiveCfg = Release|Any CPU
		{5982D3B2-E552-43EE-A4C4-787BBCF8C58C}.Release|Any CPU.Build.0 = Release|Any CPU
	EndGlobalSection
	GlobalSection(SolutionProperties) = preSolution
		HideSolutionNode = FALSE
	EndGlobalSection
	GlobalSection(NestedProjects) = preSolution
		{345FC84F-D1B9-4729-AC79-898B8EEE5AD7} = {5D91B973-990B-45EB-8677-357567DAB30E}
		{613F84AE-287B-4C44-9EF2-608C37A4BFB9} = {E32EE9BC-9E10-4A05-BBC4-604DD843EDBC}
		{E98E1812-5594-4B83-B4FA-705ABC9FA9E7} = {6CC44EB6-C981-4CF8-8F22-E89223C306F5}
		{16E966ED-5BBD-4B2A-9AAC-4FD7BE45D44D} = {6CC44EB6-C981-4CF8-8F22-E89223C306F5}
		{FF2761B3-D8E3-4AE5-837E-6E9946117804} = {C974E321-7F2E-413B-BA3A-4F28DC2E0E45}
		{803A91AF-C392-4C76-80FA-3738A023F3E3} = {6CC44EB6-C981-4CF8-8F22-E89223C306F5}
		{C974E321-7F2E-413B-BA3A-4F28DC2E0E45} = {42A1A276-6FDD-485C-9114-0A2E99103D49}
		{3FDA7211-07A5-4E8A-A310-A94AD5E7C652} = {42A1A276-6FDD-485C-9114-0A2E99103D49}
		{FBE74374-1BF0-4709-8032-578D9C2FB2FF} = {3FDA7211-07A5-4E8A-A310-A94AD5E7C652}
		{E6AB7E95-77E3-4B4D-BB91-6148C974EAF4} = {42A1A276-6FDD-485C-9114-0A2E99103D49}
		{68132060-E540-4B03-99C5-1D3B9B377371} = {E6AB7E95-77E3-4B4D-BB91-6148C974EAF4}
		{5D91B973-990B-45EB-8677-357567DAB30E} = {5648B95D-6E51-4303-89FA-BCE09BEE84CD}
		{FA2DE509-67EC-4918-A193-7C167A48A84A} = {5648B95D-6E51-4303-89FA-BCE09BEE84CD}
		{5982D3B2-E552-43EE-A4C4-787BBCF8C58C} = {FA2DE509-67EC-4918-A193-7C167A48A84A}
	EndGlobalSection
	GlobalSection(ExtensibilityGlobals) = postSolution
		SolutionGuid = {70793B6B-01E5-4BA2-AB87-500CBE2C05AE}
	EndGlobalSection
EndGlobal
